
Microsoft Visual Studio Solution File, Format Version 12.00
# Visual Studio 15
VisualStudioVersion = 15.0.28307.489
MinimumVisualStudioVersion = 10.0.40219.1
Project("{FAE04EC0-301F-11D3-BF4B-00C04F79EFBC}") = "Common", "Common\Common.csproj", "{6FB961BB-652F-4615-9109-7620C6A294E8}"
EndProject
Project("{FAE04EC0-301F-11D3-BF4B-00C04F79EFBC}") = "DemoWs", "DemoWs\DemoWs.csproj", "{1B7C5CA0-3A83-492C-9F60-CF4D30079856}"
EndProject
Project("{FAE04EC0-301F-11D3-BF4B-00C04F79EFBC}") = "WinApp", "WinApp\WinApp.csproj", "{B3E876D6-4D36-46AB-AB70-25E032952092}"
EndProject
Project("{2150E333-8FDC-42A3-9474-1A3956D46DE8}") = "doc", "doc", "{20D04192-227F-4969-B739-7AFE9506CF8A}"
	ProjectSection(SolutionItems) = preProject
		..\readme.md = ..\readme.md
	EndProjectSection
EndProject
Project("{FAE04EC0-301F-11D3-BF4B-00C04F79EFBC}") = "AnyWs", "AnyWs\AnyWs.csproj", "{03D1C792-C62E-4B78-B42C-1B6D1500A6C0}"
EndProject
Project("{FAE04EC0-301F-11D3-BF4B-00C04F79EFBC}") = "AnyWs.Foo", "AnyWs.Foo\AnyWs.Foo.csproj", "{44C728DD-2C95-4A24-BDA3-7DF944892AD3}"
EndProject
Project("{2150E333-8FDC-42A3-9474-1A3956D46DE8}") = "AnyWindowsService", "AnyWindowsService", "{5931F3E9-ED59-4FBC-9DC9-A7D3634CD2FB}"
EndProject
Project("{FAE04EC0-301F-11D3-BF4B-00C04F79EFBC}") = "AnyWsManage", "AnyWsManage\AnyWsManage.csproj", "{56CA66D3-96C8-49F7-9BC0-BAE69487EB7F}"
EndProject
Project("{FAE04EC0-301F-11D3-BF4B-00C04F79EFBC}") = "AnyWs.Bar", "AnyWs.Bar\AnyWs.Bar.csproj", "{EF60A2F9-AC73-40D7-A2C2-BBAF2401C4A2}"
EndProject
Project("{2150E333-8FDC-42A3-9474-1A3956D46DE8}") = "DemoServices", "DemoServices", "{8288EE98-5969-426F-B8AD-F5F617FB8A1B}"
EndProject
Global
	GlobalSection(SolutionConfigurationPlatforms) = preSolution
		Debug|Any CPU = Debug|Any CPU
		Release|Any CPU = Release|Any CPU
	EndGlobalSection
	GlobalSection(ProjectConfigurationPlatforms) = postSolution
		{6FB961BB-652F-4615-9109-7620C6A294E8}.Debug|Any CPU.ActiveCfg = Debug|Any CPU
		{6FB961BB-652F-4615-9109-7620C6A294E8}.Debug|Any CPU.Build.0 = Debug|Any CPU
		{6FB961BB-652F-4615-9109-7620C6A294E8}.Release|Any CPU.ActiveCfg = Release|Any CPU
		{6FB961BB-652F-4615-9109-7620C6A294E8}.Release|Any CPU.Build.0 = Release|Any CPU
		{1B7C5CA0-3A83-492C-9F60-CF4D30079856}.Debug|Any CPU.ActiveCfg = Debug|Any CPU
		{1B7C5CA0-3A83-492C-9F60-CF4D30079856}.Debug|Any CPU.Build.0 = Debug|Any CPU
		{1B7C5CA0-3A83-492C-9F60-CF4D30079856}.Release|Any CPU.ActiveCfg = Release|Any CPU
		{1B7C5CA0-3A83-492C-9F60-CF4D30079856}.Release|Any CPU.Build.0 = Release|Any CPU
		{B3E876D6-4D36-46AB-AB70-25E032952092}.Debug|Any CPU.ActiveCfg = Debug|Any CPU
		{B3E876D6-4D36-46AB-AB70-25E032952092}.Debug|Any CPU.Build.0 = Debug|Any CPU
		{B3E876D6-4D36-46AB-AB70-25E032952092}.Release|Any CPU.ActiveCfg = Release|Any CPU
		{B3E876D6-4D36-46AB-AB70-25E032952092}.Release|Any CPU.Build.0 = Release|Any CPU
		{03D1C792-C62E-4B78-B42C-1B6D1500A6C0}.Debug|Any CPU.ActiveCfg = Debug|Any CPU
		{03D1C792-C62E-4B78-B42C-1B6D1500A6C0}.Debug|Any CPU.Build.0 = Debug|Any CPU
		{03D1C792-C62E-4B78-B42C-1B6D1500A6C0}.Release|Any CPU.ActiveCfg = Release|Any CPU
		{03D1C792-C62E-4B78-B42C-1B6D1500A6C0}.Release|Any CPU.Build.0 = Release|Any CPU
		{44C728DD-2C95-4A24-BDA3-7DF944892AD3}.Debug|Any CPU.ActiveCfg = Debug|Any CPU
		{44C728DD-2C95-4A24-BDA3-7DF944892AD3}.Debug|Any CPU.Build.0 = Debug|Any CPU
		{44C728DD-2C95-4A24-BDA3-7DF944892AD3}.Release|Any CPU.ActiveCfg = Release|Any CPU
		{44C728DD-2C95-4A24-BDA3-7DF944892AD3}.Release|Any CPU.Build.0 = Release|Any CPU
		{56CA66D3-96C8-49F7-9BC0-BAE69487EB7F}.Debug|Any CPU.ActiveCfg = Debug|Any CPU
		{56CA66D3-96C8-49F7-9BC0-BAE69487EB7F}.Debug|Any CPU.Build.0 = Debug|Any CPU
		{56CA66D3-96C8-49F7-9BC0-BAE69487EB7F}.Release|Any CPU.ActiveCfg = Release|Any CPU
		{56CA66D3-96C8-49F7-9BC0-BAE69487EB7F}.Release|Any CPU.Build.0 = Release|Any CPU
		{EF60A2F9-AC73-40D7-A2C2-BBAF2401C4A2}.Debug|Any CPU.ActiveCfg = Debug|Any CPU
		{EF60A2F9-AC73-40D7-A2C2-BBAF2401C4A2}.Debug|Any CPU.Build.0 = Debug|Any CPU
		{EF60A2F9-AC73-40D7-A2C2-BBAF2401C4A2}.Release|Any CPU.ActiveCfg = Release|Any CPU
		{EF60A2F9-AC73-40D7-A2C2-BBAF2401C4A2}.Release|Any CPU.Build.0 = Release|Any CPU
	EndGlobalSection
	GlobalSection(SolutionProperties) = preSolution
		HideSolutionNode = FALSE
	EndGlobalSection
	GlobalSection(NestedProjects) = preSolution
		{03D1C792-C62E-4B78-B42C-1B6D1500A6C0} = {5931F3E9-ED59-4FBC-9DC9-A7D3634CD2FB}
		{44C728DD-2C95-4A24-BDA3-7DF944892AD3} = {8288EE98-5969-426F-B8AD-F5F617FB8A1B}
		{56CA66D3-96C8-49F7-9BC0-BAE69487EB7F} = {5931F3E9-ED59-4FBC-9DC9-A7D3634CD2FB}
		{EF60A2F9-AC73-40D7-A2C2-BBAF2401C4A2} = {8288EE98-5969-426F-B8AD-F5F617FB8A1B}
	EndGlobalSection
	GlobalSection(ExtensibilityGlobals) = postSolution
		SolutionGuid = {C15D5D5A-B1FB-4C85-954D-9F6A8F3D52F7}
	EndGlobalSection
EndGlobal
